
Microsoft Visual Studio Solution File, Format Version 12.00
# Visual Studio 15
VisualStudioVersion = 15.0.27428.2015
MinimumVisualStudioVersion = 10.0.40219.1
Project("{FAE04EC0-301F-11D3-BF4B-00C04F79EFBC}") = "CityInfo.API", "CityInfo.API\CityInfo.API.csproj", "{DF10A2E3-926E-449C-BD60-2A4781C1A9A7}"
EndProject
Global
	GlobalSection(SolutionConfigurationPlatforms) = preSolution
		Debug|Any CPU = Debug|Any CPU
		Release|Any CPU = Release|Any CPU
	EndGlobalSection
	GlobalSection(ProjectConfigurationPlatforms) = postSolution
		{DF10A2E3-926E-449C-BD60-2A4781C1A9A7}.Debug|Any CPU.ActiveCfg = Debug|Any CPU
		{DF10A2E3-926E-449C-BD60-2A4781C1A9A7}.Debug|Any CPU.Build.0 = Debug|Any CPU
		{DF10A2E3-926E-449C-BD60-2A4781C1A9A7}.Release|Any CPU.ActiveCfg = Release|Any CPU
		{DF10A2E3-926E-449C-BD60-2A4781C1A9A7}.Release|Any CPU.Build.0 = Release|Any CPU
	EndGlobalSection
	GlobalSection(SolutionProperties) = preSolution
		HideSolutionNode = FALSE
	EndGlobalSection
	GlobalSection(ExtensibilityGlobals) = postSolution
		SolutionGuid = {CB4C751B-5A1A-4450-A834-79358D54E4A0}
	EndGlobalSection
EndGlobal
